{
    "name": "cryptonight-miner",
    "version": "0.0.1",
    "lockfileVersion": 1,
    "requires": true,
    "dependencies": {
        "cryptonight-hash": {
            "version": "0.0.1",
            "resolved": "https://registry.npmjs.org/cryptonight-hash/-/cryptonight-hash-0.0.1.tgz",
            "integrity": "sha512-ujMRYa/o+wNUEP5ZGSo+l6uJnktTDQnp3Bv7odYanNhxzey327pEugl5fQiHAnen6QqXh3EMidjiS+EuWvYDYA=="
        }
    }
}
